// !$*UTF8*$!
{
	archiveVersion = 1;
	classes = {
	};
	objectVersion = 48;
	objects = {

/* Begin PBXBuildFile section */
		EE15FDEE203C987B00C90705 /* AppDelegate.swift in Sources */ = {isa = PBXBuildFile; fileRef = EE15FDED203C987B00C90705 /* AppDelegate.swift */; };
		EE15FDF0203C987B00C90705 /* ViewController.swift in Sources */ = {isa = PBXBuildFile; fileRef = EE15FDEF203C987B00C90705 /* ViewController.swift */; };
		EE15FDF5203C987B00C90705 /* Assets.xcassets in Resources */ = {isa = PBXBuildFile; fileRef = EE15FDF4203C987B00C90705 /* Assets.xcassets */; };
		EE15FDF8203C987B00C90705 /* LaunchScreen.storyboard in Resources */ = {isa = PBXBuildFile; fileRef = EE15FDF6203C987B00C90705 /* LaunchScreen.storyboard */; };
		EE400CA42040A3C3008CD268 /* LampConfigurationViewController.swift in Sources */ = {isa = PBXBuildFile; fileRef = EE400CA32040A3C3008CD268 /* LampConfigurationViewController.swift */; };
		EE65C9E62045CAB800A40F79 /* BrightnessView.swift in Sources */ = {isa = PBXBuildFile; fileRef = EE65C9E52045CAB800A40F79 /* BrightnessView.swift */; };
		EEBF1558204091E800A0F4B1 /* LampsViewController.swift in Sources */ = {isa = PBXBuildFile; fileRef = EEBF1557204091E800A0F4B1 /* LampsViewController.swift */; };
		EEBF155D2040936500A0F4B1 /* LampCollectionViewCell.swift in Sources */ = {isa = PBXBuildFile; fileRef = EEBF155B2040936500A0F4B1 /* LampCollectionViewCell.swift */; };
		EECF2444204482B7007220F3 /* BrightnessSliderView.xib in Resources */ = {isa = PBXBuildFile; fileRef = EECF2443204482B7007220F3 /* BrightnessSliderView.xib */; };
		EECF2446204485A8007220F3 /* BrightnessSliderView.swift in Sources */ = {isa = PBXBuildFile; fileRef = EECF2445204485A8007220F3 /* BrightnessSliderView.swift */; };
		EEE2F95F203F2EF9006A98FB /* LampsManager.swift in Sources */ = {isa = PBXBuildFile; fileRef = EEE2F95E203F2EF9006A98FB /* LampsManager.swift */; };
		EEE2F964203F3014006A98FB /* Lamp.swift in Sources */ = {isa = PBXBuildFile; fileRef = EEE2F963203F3014006A98FB /* Lamp.swift */; };
		EEE2F968203F3035006A98FB /* ArduinoCommunicatorBluetooth.swift in Sources */ = {isa = PBXBuildFile; fileRef = EEE2F966203F3035006A98FB /* ArduinoCommunicatorBluetooth.swift */; };
		EEE2F96A203F3046006A98FB /* ArduinoCommunicator.swift in Sources */ = {isa = PBXBuildFile; fileRef = EEE2F969203F3046006A98FB /* ArduinoCommunicator.swift */; };
		EEE2F96D203F321A006A98FB /* LoadingComponent.swift in Sources */ = {isa = PBXBuildFile; fileRef = EEE2F96C203F321A006A98FB /* LoadingComponent.swift */; };
		EEE2F971203F37D6006A98FB /* Main.storyboard in Resources */ = {isa = PBXBuildFile; fileRef = EEE2F970203F37D6006A98FB /* Main.storyboard */; };
/* End PBXBuildFile section */

/* Begin PBXFileReference section */
		EE15FDEA203C987B00C90705 /* Lampino.app */ = {isa = PBXFileReference; explicitFileType = wrapper.application; includeInIndex = 0; path = Lampino.app; sourceTree = BUILT_PRODUCTS_DIR; };
		EE15FDED203C987B00C90705 /* AppDelegate.swift */ = {isa = PBXFileReference; lastKnownFileType = sourcecode.swift; path = AppDelegate.swift; sourceTree = "<group>"; };
		EE15FDEF203C987B00C90705 /* ViewController.swift */ = {isa = PBXFileReference; lastKnownFileType = sourcecode.swift; path = ViewController.swift; sourceTree = "<group>"; };
		EE15FDF4203C987B00C90705 /* Assets.xcassets */ = {isa = PBXFileReference; lastKnownFileType = folder.assetcatalog; path = Assets.xcassets; sourceTree = "<group>"; };
		EE15FDF7203C987B00C90705 /* Base */ = {isa = PBXFileReference; lastKnownFileType = file.storyboard; name = Base; path = Base.lproj/LaunchScreen.storyboard; sourceTree = "<group>"; };
		EE15FDF9203C987B00C90705 /* Info.plist */ = {isa = PBXFileReference; lastKnownFileType = text.plist.xml; path = Info.plist; sourceTree = "<group>"; };
		EE400CA32040A3C3008CD268 /* LampConfigurationViewController.swift */ = {isa = PBXFileReference; lastKnownFileType = sourcecode.swift; path = LampConfigurationViewController.swift; sourceTree = "<group>"; };
		EE65C9E52045CAB800A40F79 /* BrightnessView.swift */ = {isa = PBXFileReference; lastKnownFileType = sourcecode.swift; path = BrightnessView.swift; sourceTree = "<group>"; };
		EEBF1557204091E800A0F4B1 /* LampsViewController.swift */ = {isa = PBXFileReference; lastKnownFileType = sourcecode.swift; path = LampsViewController.swift; sourceTree = "<group>"; };
		EEBF155B2040936500A0F4B1 /* LampCollectionViewCell.swift */ = {isa = PBXFileReference; lastKnownFileType = sourcecode.swift; path = LampCollectionViewCell.swift; sourceTree = "<group>"; };
		EECF2443204482B7007220F3 /* BrightnessSliderView.xib */ = {isa = PBXFileReference; lastKnownFileType = file.xib; path = BrightnessSliderView.xib; sourceTree = "<group>"; };
		EECF2445204485A8007220F3 /* BrightnessSliderView.swift */ = {isa = PBXFileReference; lastKnownFileType = sourcecode.swift; path = BrightnessSliderView.swift; sourceTree = "<group>"; };
		EEE2F95E203F2EF9006A98FB /* LampsManager.swift */ = {isa = PBXFileReference; fileEncoding = 4; lastKnownFileType = sourcecode.swift; path = LampsManager.swift; sourceTree = "<group>"; };
		EEE2F963203F3014006A98FB /* Lamp.swift */ = {isa = PBXFileReference; fileEncoding = 4; lastKnownFileType = sourcecode.swift; path = Lamp.swift; sourceTree = "<group>"; };
		EEE2F966203F3035006A98FB /* ArduinoCommunicatorBluetooth.swift */ = {isa = PBXFileReference; fileEncoding = 4; lastKnownFileType = sourcecode.swift; path = ArduinoCommunicatorBluetooth.swift; sourceTree = "<group>"; };
		EEE2F969203F3046006A98FB /* ArduinoCommunicator.swift */ = {isa = PBXFileReference; fileEncoding = 4; lastKnownFileType = sourcecode.swift; path = ArduinoCommunicator.swift; sourceTree = "<group>"; };
		EEE2F96C203F321A006A98FB /* LoadingComponent.swift */ = {isa = PBXFileReference; fileEncoding = 4; lastKnownFileType = sourcecode.swift; path = LoadingComponent.swift; sourceTree = "<group>"; };
		EEE2F970203F37D6006A98FB /* Main.storyboard */ = {isa = PBXFileReference; fileEncoding = 4; lastKnownFileType = file.storyboard; path = Main.storyboard; sourceTree = "<group>"; };
/* End PBXFileReference section */

/* Begin PBXFrameworksBuildPhase section */
		EE15FDE7203C987B00C90705 /* Frameworks */ = {
			isa = PBXFrameworksBuildPhase;
			buildActionMask = 2147483647;
			files = (
			);
			runOnlyForDeploymentPostprocessing = 0;
		};
/* End PBXFrameworksBuildPhase section */

/* Begin PBXGroup section */
		EE15FDE1203C987B00C90705 = {
			isa = PBXGroup;
			children = (
				EE15FDEC203C987B00C90705 /* Lampino */,
				EE15FDEB203C987B00C90705 /* Products */,
			);
			sourceTree = "<group>";
		};
		EE15FDEB203C987B00C90705 /* Products */ = {
			isa = PBXGroup;
			children = (
				EE15FDEA203C987B00C90705 /* Lampino.app */,
			);
			name = Products;
			sourceTree = "<group>";
		};
		EE15FDEC203C987B00C90705 /* Lampino */ = {
			isa = PBXGroup;
			children = (
				EEE2F95A203F2EF9006A98FB /* Model */,
				EE15FE0F203C9A1E00C90705 /* Storyboards */,
				EE15FE0E203C9A1500C90705 /* View Controllers */,
				EE15FE0D203C9A0D00C90705 /* Supporting Files */,
				EE15FE0C203C9A0500C90705 /* Resources */,
				EE15FE0B203C99FB00C90705 /* Application Delegate */,
			);
			path = Lampino;
			sourceTree = "<group>";
		};
		EE15FE0B203C99FB00C90705 /* Application Delegate */ = {
			isa = PBXGroup;
			children = (
				EE15FDED203C987B00C90705 /* AppDelegate.swift */,
			);
			path = "Application Delegate";
			sourceTree = "<group>";
		};
		EE15FE0C203C9A0500C90705 /* Resources */ = {
			isa = PBXGroup;
			children = (
				EE15FDF4203C987B00C90705 /* Assets.xcassets */,
			);
			path = Resources;
			sourceTree = "<group>";
		};
		EE15FE0D203C9A0D00C90705 /* Supporting Files */ = {
			isa = PBXGroup;
			children = (
				EE15FDF9203C987B00C90705 /* Info.plist */,
			);
			path = "Supporting Files";
			sourceTree = "<group>";
		};
		EE15FE0E203C9A1500C90705 /* View Controllers */ = {
			isa = PBXGroup;
			children = (
				EE400CA22040A3A8008CD268 /* LampConfigurationViewController */,
				EEBF15592040933700A0F4B1 /* LampsViewController */,
				EE15FDEF203C987B00C90705 /* ViewController.swift */,
				EEE2F96B203F321A006A98FB /* View */,
			);
			path = "View Controllers";
			sourceTree = "<group>";
		};
		EE15FE0F203C9A1E00C90705 /* Storyboards */ = {
			isa = PBXGroup;
			children = (
				EEE2F970203F37D6006A98FB /* Main.storyboard */,
				EE15FDF6203C987B00C90705 /* LaunchScreen.storyboard */,
			);
			path = Storyboards;
			sourceTree = "<group>";
		};
		EE400CA22040A3A8008CD268 /* LampConfigurationViewController */ = {
			isa = PBXGroup;
			children = (
				EECF244220448297007220F3 /* Custom Views */,
				EE400CA32040A3C3008CD268 /* LampConfigurationViewController.swift */,
			);
			path = LampConfigurationViewController;
			sourceTree = "<group>";
		};
		EEBF15592040933700A0F4B1 /* LampsViewController */ = {
			isa = PBXGroup;
			children = (
				EEBF1557204091E800A0F4B1 /* LampsViewController.swift */,
				EEBF155B2040936500A0F4B1 /* LampCollectionViewCell.swift */,
			);
			path = LampsViewController;
			sourceTree = "<group>";
		};
		EECF244220448297007220F3 /* Custom Views */ = {
			isa = PBXGroup;
			children = (
				EECF2443204482B7007220F3 /* BrightnessSliderView.xib */,
				EECF2445204485A8007220F3 /* BrightnessSliderView.swift */,
				EE65C9E52045CAB800A40F79 /* BrightnessView.swift */,
			);
			path = "Custom Views";
			sourceTree = "<group>";
		};
		EEE2F95A203F2EF9006A98FB /* Model */ = {
			isa = PBXGroup;
			children = (
				EEE2F95B203F2EF9006A98FB /* Arduino */,
				EEE2F95E203F2EF9006A98FB /* LampsManager.swift */,
				EEE2F963203F3014006A98FB /* Lamp.swift */,
			);
			path = Model;
			sourceTree = "<group>";
		};
		EEE2F95B203F2EF9006A98FB /* Arduino */ = {
			isa = PBXGroup;
			children = (
				EEE2F95C203F2EF9006A98FB /* Bluetooth */,
				EEE2F95D203F2EF9006A98FB /* Protocols */,
			);
			path = Arduino;
			sourceTree = "<group>";
		};
		EEE2F95C203F2EF9006A98FB /* Bluetooth */ = {
			isa = PBXGroup;
			children = (
				EEE2F966203F3035006A98FB /* ArduinoCommunicatorBluetooth.swift */,
			);
			path = Bluetooth;
			sourceTree = "<group>";
		};
		EEE2F95D203F2EF9006A98FB /* Protocols */ = {
			isa = PBXGroup;
			children = (
				EEE2F969203F3046006A98FB /* ArduinoCommunicator.swift */,
			);
			path = Protocols;
			sourceTree = "<group>";
		};
		EEE2F96B203F321A006A98FB /* View */ = {
			isa = PBXGroup;
			children = (
				EEE2F96C203F321A006A98FB /* LoadingComponent.swift */,
			);
			path = View;
			sourceTree = "<group>";
		};
/* End PBXGroup section */

/* Begin PBXNativeTarget section */
		EE15FDE9203C987B00C90705 /* Lampino */ = {
			isa = PBXNativeTarget;
			buildConfigurationList = EE15FDFC203C987B00C90705 /* Build configuration list for PBXNativeTarget "Lampino" */;
			buildPhases = (
				EE15FDE6203C987B00C90705 /* Sources */,
				EE15FDE7203C987B00C90705 /* Frameworks */,
				EE15FDE8203C987B00C90705 /* Resources */,
			);
			buildRules = (
			);
			dependencies = (
			);
			name = Lampino;
			productName = Lampino;
			productReference = EE15FDEA203C987B00C90705 /* Lampino.app */;
			productType = "com.apple.product-type.application";
		};
/* End PBXNativeTarget section */

/* Begin PBXProject section */
		EE15FDE2203C987B00C90705 /* Project object */ = {
			isa = PBXProject;
			attributes = {
				LastSwiftUpdateCheck = 0920;
				LastUpgradeCheck = 0920;
				ORGANIZATIONNAME = "Lampino Organization";
				TargetAttributes = {
					EE15FDE9203C987B00C90705 = {
						CreatedOnToolsVersion = 9.2;
						ProvisioningStyle = Automatic;
					};
				};
			};
			buildConfigurationList = EE15FDE5203C987B00C90705 /* Build configuration list for PBXProject "Lampino" */;
			compatibilityVersion = "Xcode 8.0";
			developmentRegion = en;
			hasScannedForEncodings = 0;
			knownRegions = (
				en,
				Base,
			);
			mainGroup = EE15FDE1203C987B00C90705;
			productRefGroup = EE15FDEB203C987B00C90705 /* Products */;
			projectDirPath = "";
			projectRoot = "";
			targets = (
				EE15FDE9203C987B00C90705 /* Lampino */,
			);
		};
/* End PBXProject section */

/* Begin PBXResourcesBuildPhase section */
		EE15FDE8203C987B00C90705 /* Resources */ = {
			isa = PBXResourcesBuildPhase;
			buildActionMask = 2147483647;
			files = (
				EEE2F971203F37D6006A98FB /* Main.storyboard in Resources */,
				EECF2444204482B7007220F3 /* BrightnessSliderView.xib in Resources */,
				EE15FDF8203C987B00C90705 /* LaunchScreen.storyboard in Resources */,
				EE15FDF5203C987B00C90705 /* Assets.xcassets in Resources */,
			);
			runOnlyForDeploymentPostprocessing = 0;
		};
/* End PBXResourcesBuildPhase section */

/* Begin PBXSourcesBuildPhase section */
		EE15FDE6203C987B00C90705 /* Sources */ = {
			isa = PBXSourcesBuildPhase;
			buildActionMask = 2147483647;
			files = (
				EECF2446204485A8007220F3 /* BrightnessSliderView.swift in Sources */,
				EEBF1558204091E800A0F4B1 /* LampsViewController.swift in Sources */,
				EEE2F964203F3014006A98FB /* Lamp.swift in Sources */,
				EEE2F95F203F2EF9006A98FB /* LampsManager.swift in Sources */,
				EEBF155D2040936500A0F4B1 /* LampCollectionViewCell.swift in Sources */,
				EEE2F96D203F321A006A98FB /* LoadingComponent.swift in Sources */,
				EE15FDF0203C987B00C90705 /* ViewController.swift in Sources */,
				EEE2F96A203F3046006A98FB /* ArduinoCommunicator.swift in Sources */,
				EE400CA42040A3C3008CD268 /* LampConfigurationViewController.swift in Sources */,
				EE15FDEE203C987B00C90705 /* AppDelegate.swift in Sources */,
				EEE2F968203F3035006A98FB /* ArduinoCommunicatorBluetooth.swift in Sources */,
				EE65C9E62045CAB800A40F79 /* BrightnessView.swift in Sources */,
			);
			runOnlyForDeploymentPostprocessing = 0;
		};
/* End PBXSourcesBuildPhase section */

/* Begin PBXVariantGroup section */
		EE15FDF6203C987B00C90705 /* LaunchScreen.storyboard */ = {
			isa = PBXVariantGroup;
			children = (
				EE15FDF7203C987B00C90705 /* Base */,
			);
			name = LaunchScreen.storyboard;
			sourceTree = "<group>";
		};
/* End PBXVariantGroup section */

/* Begin XCBuildConfiguration section */
		EE15FDFA203C987B00C90705 /* Debug */ = {
			isa = XCBuildConfiguration;
			buildSettings = {
				ALWAYS_SEARCH_USER_PATHS = NO;
				CLANG_ANALYZER_NONNULL = YES;
				CLANG_ANALYZER_NUMBER_OBJECT_CONVERSION = YES_AGGRESSIVE;
				CLANG_CXX_LANGUAGE_STANDARD = "gnu++14";
				CLANG_CXX_LIBRARY = "libc++";
				CLANG_ENABLE_MODULES = YES;
				CLANG_ENABLE_OBJC_ARC = YES;
				CLANG_WARN_BLOCK_CAPTURE_AUTORELEASING = YES;
				CLANG_WARN_BOOL_CONVERSION = YES;
				CLANG_WARN_COMMA = YES;
				CLANG_WARN_CONSTANT_CONVERSION = YES;
				CLANG_WARN_DIRECT_OBJC_ISA_USAGE = YES_ERROR;
				CLANG_WARN_DOCUMENTATION_COMMENTS = YES;
				CLANG_WARN_EMPTY_BODY = YES;
				CLANG_WARN_ENUM_CONVERSION = YES;
				CLANG_WARN_INFINITE_RECURSION = YES;
				CLANG_WARN_INT_CONVERSION = YES;
				CLANG_WARN_NON_LITERAL_NULL_CONVERSION = YES;
				CLANG_WARN_OBJC_LITERAL_CONVERSION = YES;
				CLANG_WARN_OBJC_ROOT_CLASS = YES_ERROR;
				CLANG_WARN_RANGE_LOOP_ANALYSIS = YES;
				CLANG_WARN_STRICT_PROTOTYPES = YES;
				CLANG_WARN_SUSPICIOUS_MOVE = YES;
				CLANG_WARN_UNGUARDED_AVAILABILITY = YES_AGGRESSIVE;
				CLANG_WARN_UNREACHABLE_CODE = YES;
				CLANG_WARN__DUPLICATE_METHOD_MATCH = YES;
				CODE_SIGN_IDENTITY = "iPhone Developer";
				COPY_PHASE_STRIP = NO;
				DEBUG_INFORMATION_FORMAT = dwarf;
				ENABLE_STRICT_OBJC_MSGSEND = YES;
				ENABLE_TESTABILITY = YES;
				GCC_C_LANGUAGE_STANDARD = gnu11;
				GCC_DYNAMIC_NO_PIC = NO;
				GCC_NO_COMMON_BLOCKS = YES;
				GCC_OPTIMIZATION_LEVEL = 0;
				GCC_PREPROCESSOR_DEFINITIONS = (
					"DEBUG=1",
					"$(inherited)",
				);
				GCC_WARN_64_TO_32_BIT_CONVERSION = YES;
				GCC_WARN_ABOUT_RETURN_TYPE = YES_ERROR;
				GCC_WARN_UNDECLARED_SELECTOR = YES;
				GCC_WARN_UNINITIALIZED_AUTOS = YES_AGGRESSIVE;
				GCC_WARN_UNUSED_FUNCTION = YES;
				GCC_WARN_UNUSED_VARIABLE = YES;
				IPHONEOS_DEPLOYMENT_TARGET = 11.2;
				MTL_ENABLE_DEBUG_INFO = YES;
				ONLY_ACTIVE_ARCH = YES;
				SDKROOT = iphoneos;
				SWIFT_ACTIVE_COMPILATION_CONDITIONS = DEBUG;
				SWIFT_OPTIMIZATION_LEVEL = "-Onone";
			};
			name = Debug;
		};
		EE15FDFB203C987B00C90705 /* Release */ = {
			isa = XCBuildConfiguration;
			buildSettings = {
				ALWAYS_SEARCH_USER_PATHS = NO;
				CLANG_ANALYZER_NONNULL = YES;
				CLANG_ANALYZER_NUMBER_OBJECT_CONVERSION = YES_AGGRESSIVE;
				CLANG_CXX_LANGUAGE_STANDARD = "gnu++14";
				CLANG_CXX_LIBRARY = "libc++";
				CLANG_ENABLE_MODULES = YES;
				CLANG_ENABLE_OBJC_ARC = YES;
				CLANG_WARN_BLOCK_CAPTURE_AUTORELEASING = YES;
				CLANG_WARN_BOOL_CONVERSION = YES;
				CLANG_WARN_COMMA = YES;
				CLANG_WARN_CONSTANT_CONVERSION = YES;
				CLANG_WARN_DIRECT_OBJC_ISA_USAGE = YES_ERROR;
				CLANG_WARN_DOCUMENTATION_COMMENTS = YES;
				CLANG_WARN_EMPTY_BODY = YES;
				CLANG_WARN_ENUM_CONVERSION = YES;
				CLANG_WARN_INFINITE_RECURSION = YES;
				CLANG_WARN_INT_CONVERSION = YES;
				CLANG_WARN_NON_LITERAL_NULL_CONVERSION = YES;
				CLANG_WARN_OBJC_LITERAL_CONVERSION = YES;
				CLANG_WARN_OBJC_ROOT_CLASS = YES_ERROR;
				CLANG_WARN_RANGE_LOOP_ANALYSIS = YES;
				CLANG_WARN_STRICT_PROTOTYPES = YES;
				CLANG_WARN_SUSPICIOUS_MOVE = YES;
				CLANG_WARN_UNGUARDED_AVAILABILITY = YES_AGGRESSIVE;
				CLANG_WARN_UNREACHABLE_CODE = YES;
				CLANG_WARN__DUPLICATE_METHOD_MATCH = YES;
				CODE_SIGN_IDENTITY = "iPhone Developer";
				COPY_PHASE_STRIP = NO;
				DEBUG_INFORMATION_FORMAT = "dwarf-with-dsym";
				ENABLE_NS_ASSERTIONS = NO;
				ENABLE_STRICT_OBJC_MSGSEND = YES;
				GCC_C_LANGUAGE_STANDARD = gnu11;
				GCC_NO_COMMON_BLOCKS = YES;
				GCC_WARN_64_TO_32_BIT_CONVERSION = YES;
				GCC_WARN_ABOUT_RETURN_TYPE = YES_ERROR;
				GCC_WARN_UNDECLARED_SELECTOR = YES;
				GCC_WARN_UNINITIALIZED_AUTOS = YES_AGGRESSIVE;
				GCC_WARN_UNUSED_FUNCTION = YES;
				GCC_WARN_UNUSED_VARIABLE = YES;
				IPHONEOS_DEPLOYMENT_TARGET = 11.2;
				MTL_ENABLE_DEBUG_INFO = NO;
				SDKROOT = iphoneos;
				SWIFT_OPTIMIZATION_LEVEL = "-Owholemodule";
				VALIDATE_PRODUCT = YES;
			};
			name = Release;
		};
		EE15FDFD203C987B00C90705 /* Debug */ = {
			isa = XCBuildConfiguration;
			buildSettings = {
				ASSETCATALOG_COMPILER_APPICON_NAME = AppIcon;
				CODE_SIGN_STYLE = Automatic;
				DEVELOPMENT_TEAM = Y93HUJS49V;
				INFOPLIST_FILE = "Lampino/Supporting Files/Info.plist";
				LD_RUNPATH_SEARCH_PATHS = "$(inherited) @executable_path/Frameworks";
				PRODUCT_BUNDLE_IDENTIFIER = org.Lampino;
				PRODUCT_NAME = "$(TARGET_NAME)";
				SWIFT_VERSION = 4.0;
				TARGETED_DEVICE_FAMILY = "1,2";
			};
			name = Debug;
		};
		EE15FDFE203C987B00C90705 /* Release */ = {
			isa = XCBuildConfiguration;
			buildSettings = {
				ASSETCATALOG_COMPILER_APPICON_NAME = AppIcon;
				CODE_SIGN_STYLE = Automatic;
				DEVELOPMENT_TEAM = Y93HUJS49V;
				INFOPLIST_FILE = "Lampino/Supporting Files/Info.plist";
				LD_RUNPATH_SEARCH_PATHS = "$(inherited) @executable_path/Frameworks";
				PRODUCT_BUNDLE_IDENTIFIER = org.Lampino;
				PRODUCT_NAME = "$(TARGET_NAME)";
				SWIFT_VERSION = 4.0;
				TARGETED_DEVICE_FAMILY = "1,2";
			};
			name = Release;
		};
/* End XCBuildConfiguration section */

/* Begin XCConfigurationList section */
		EE15FDE5203C987B00C90705 /* Build configuration list for PBXProject "Lampino" */ = {
			isa = XCConfigurationList;
			buildConfigurations = (
				EE15FDFA203C987B00C90705 /* Debug */,
				EE15FDFB203C987B00C90705 /* Release */,
			);
			defaultConfigurationIsVisible = 0;
			defaultConfigurationName = Release;
		};
		EE15FDFC203C987B00C90705 /* Build configuration list for PBXNativeTarget "Lampino" */ = {
			isa = XCConfigurationList;
			buildConfigurations = (
				EE15FDFD203C987B00C90705 /* Debug */,
				EE15FDFE203C987B00C90705 /* Release */,
			);
			defaultConfigurationIsVisible = 0;
			defaultConfigurationName = Release;
		};
/* End XCConfigurationList section */
	};
	rootObject = EE15FDE2203C987B00C90705 /* Project object */;
}
